// !$*UTF8*$!
{
	archiveVersion = 1;
	classes = {
	};
	objectVersion = 56;
	objects = {

/* Begin PBXBuildFile section */
		307090BD2AFF42AE005A4D32 /* AppDelegate.swift in Sources */ = {isa = PBXBuildFile; fileRef = 307090BC2AFF42AE005A4D32 /* AppDelegate.swift */; };
		307090BF2AFF42AE005A4D32 /* ContentView.swift in Sources */ = {isa = PBXBuildFile; fileRef = 307090BE2AFF42AE005A4D32 /* ContentView.swift */; };
		307090C12AFF42B1005A4D32 /* Assets.xcassets in Resources */ = {isa = PBXBuildFile; fileRef = 307090C02AFF42B1005A4D32 /* Assets.xcassets */; };
		307090C42AFF42B1005A4D32 /* Preview Assets.xcassets in Resources */ = {isa = PBXBuildFile; fileRef = 307090C32AFF42B1005A4D32 /* Preview Assets.xcassets */; };
		307090CF2AFF474E005A4D32 /* CircuitBuildingView.swift in Sources */ = {isa = PBXBuildFile; fileRef = 307090CE2AFF474E005A4D32 /* CircuitBuildingView.swift */; };
		309DDF372B00971500DF3FE8 /* CircuitComponentEntity.swift in Sources */ = {isa = PBXBuildFile; fileRef = 309DDF362B00971500DF3FE8 /* CircuitComponentEntity.swift */; };
		309DDF392B0097D400DF3FE8 /* CircuitBuildingViewModel.swift in Sources */ = {isa = PBXBuildFile; fileRef = 309DDF382B0097D400DF3FE8 /* CircuitBuildingViewModel.swift */; };
		309DDF3B2B009DAE00DF3FE8 /* CurrentEntity.swift in Sources */ = {isa = PBXBuildFile; fileRef = 309DDF3A2B009DAE00DF3FE8 /* CurrentEntity.swift */; };
		30A5616B2B00273000237784 /* BatteryEntity.swift in Sources */ = {isa = PBXBuildFile; fileRef = 30A5616A2B00273000237784 /* BatteryEntity.swift */; };
		30A5616F2B002E8100237784 /* ResistorEntity.swift in Sources */ = {isa = PBXBuildFile; fileRef = 30A5616E2B002E8100237784 /* ResistorEntity.swift */; };
		30A561712B0039ED00237784 /* WireEntity.swift in Sources */ = {isa = PBXBuildFile; fileRef = 30A561702B0039ED00237784 /* WireEntity.swift */; };
		30DDD6BF2B00B8E500A22F97 /* teapot.usdz in Resources */ = {isa = PBXBuildFile; fileRef = 30DDD6BE2B00B8E500A22F97 /* teapot.usdz */; };
		30DDD6C12B00BE0D00A22F97 /* CircuitScanningView.swift in Sources */ = {isa = PBXBuildFile; fileRef = 30DDD6C02B00BE0D00A22F97 /* CircuitScanningView.swift */; };
		30DDD6C32B00CC0300A22F97 /* Circuit.usdz in Resources */ = {isa = PBXBuildFile; fileRef = 30DDD6C22B00CC0300A22F97 /* Circuit.usdz */; };
		30DDD6C52B00D10300A22F97 /* battery.usdz in Resources */ = {isa = PBXBuildFile; fileRef = 30DDD6C42B00D10300A22F97 /* battery.usdz */; };
/* End PBXBuildFile section */

/* Begin PBXFileReference section */
		307090B92AFF42AE005A4D32 /* Shortcuit.app */ = {isa = PBXFileReference; explicitFileType = wrapper.application; includeInIndex = 0; path = Shortcuit.app; sourceTree = BUILT_PRODUCTS_DIR; };
		307090BC2AFF42AE005A4D32 /* AppDelegate.swift */ = {isa = PBXFileReference; lastKnownFileType = sourcecode.swift; path = AppDelegate.swift; sourceTree = "<group>"; };
		307090BE2AFF42AE005A4D32 /* ContentView.swift */ = {isa = PBXFileReference; lastKnownFileType = sourcecode.swift; path = ContentView.swift; sourceTree = "<group>"; };
		307090C02AFF42B1005A4D32 /* Assets.xcassets */ = {isa = PBXFileReference; lastKnownFileType = folder.assetcatalog; path = Assets.xcassets; sourceTree = "<group>"; };
		307090C32AFF42B1005A4D32 /* Preview Assets.xcassets */ = {isa = PBXFileReference; lastKnownFileType = folder.assetcatalog; path = "Preview Assets.xcassets"; sourceTree = "<group>"; };
		307090CE2AFF474E005A4D32 /* CircuitBuildingView.swift */ = {isa = PBXFileReference; lastKnownFileType = sourcecode.swift; path = CircuitBuildingView.swift; sourceTree = "<group>"; };
		309DDF362B00971500DF3FE8 /* CircuitComponentEntity.swift */ = {isa = PBXFileReference; lastKnownFileType = sourcecode.swift; path = CircuitComponentEntity.swift; sourceTree = "<group>"; };
		309DDF382B0097D400DF3FE8 /* CircuitBuildingViewModel.swift */ = {isa = PBXFileReference; lastKnownFileType = sourcecode.swift; path = CircuitBuildingViewModel.swift; sourceTree = "<group>"; };
		309DDF3A2B009DAE00DF3FE8 /* CurrentEntity.swift */ = {isa = PBXFileReference; lastKnownFileType = sourcecode.swift; path = CurrentEntity.swift; sourceTree = "<group>"; };
		30A5616A2B00273000237784 /* BatteryEntity.swift */ = {isa = PBXFileReference; lastKnownFileType = sourcecode.swift; path = BatteryEntity.swift; sourceTree = "<group>"; };
		30A5616E2B002E8100237784 /* ResistorEntity.swift */ = {isa = PBXFileReference; lastKnownFileType = sourcecode.swift; path = ResistorEntity.swift; sourceTree = "<group>"; };
		30A561702B0039ED00237784 /* WireEntity.swift */ = {isa = PBXFileReference; lastKnownFileType = sourcecode.swift; path = WireEntity.swift; sourceTree = "<group>"; };
		30DDD6BE2B00B8E500A22F97 /* teapot.usdz */ = {isa = PBXFileReference; lastKnownFileType = file.usdz; path = teapot.usdz; sourceTree = "<group>"; };
		30DDD6C02B00BE0D00A22F97 /* CircuitScanningView.swift */ = {isa = PBXFileReference; lastKnownFileType = sourcecode.swift; path = CircuitScanningView.swift; sourceTree = "<group>"; };
		30DDD6C22B00CC0300A22F97 /* Circuit.usdz */ = {isa = PBXFileReference; lastKnownFileType = file.usdz; path = Circuit.usdz; sourceTree = "<group>"; };
		30DDD6C42B00D10300A22F97 /* battery.usdz */ = {isa = PBXFileReference; lastKnownFileType = file.usdz; path = battery.usdz; sourceTree = "<group>"; };
/* End PBXFileReference section */

/* Begin PBXFrameworksBuildPhase section */
		307090B62AFF42AE005A4D32 /* Frameworks */ = {
			isa = PBXFrameworksBuildPhase;
			buildActionMask = 2147483647;
			files = (
			);
			runOnlyForDeploymentPostprocessing = 0;
		};
/* End PBXFrameworksBuildPhase section */

/* Begin PBXGroup section */
		307090B02AFF42AD005A4D32 = {
			isa = PBXGroup;
			children = (
				307090BB2AFF42AE005A4D32 /* Shortcuit */,
				307090BA2AFF42AE005A4D32 /* Products */,
			);
			sourceTree = "<group>";
		};
		307090BA2AFF42AE005A4D32 /* Products */ = {
			isa = PBXGroup;
			children = (
				307090B92AFF42AE005A4D32 /* Shortcuit.app */,
			);
			name = Products;
			sourceTree = "<group>";
		};
		307090BB2AFF42AE005A4D32 /* Shortcuit */ = {
			isa = PBXGroup;
			children = (
				307090CD2AFF470A005A4D32 /* ViewModels */,
				307090CC2AFF4704005A4D32 /* Views */,
				307090CB2AFF46FC005A4D32 /* Entities */,
				307090CA2AFF46D3005A4D32 /* 3DModels */,
				307090BC2AFF42AE005A4D32 /* AppDelegate.swift */,
				307090C02AFF42B1005A4D32 /* Assets.xcassets */,
				307090C22AFF42B1005A4D32 /* Preview Content */,
			);
			path = Shortcuit;
			sourceTree = "<group>";
		};
		307090C22AFF42B1005A4D32 /* Preview Content */ = {
			isa = PBXGroup;
			children = (
				307090C32AFF42B1005A4D32 /* Preview Assets.xcassets */,
			);
			path = "Preview Content";
			sourceTree = "<group>";
		};
		307090CA2AFF46D3005A4D32 /* 3DModels */ = {
			isa = PBXGroup;
			children = (
				30DDD6C22B00CC0300A22F97 /* Circuit.usdz */,
				30DDD6BE2B00B8E500A22F97 /* teapot.usdz */,
				30DDD6C42B00D10300A22F97 /* battery.usdz */,
			);
			path = 3DModels;
			sourceTree = "<group>";
		};
		307090CB2AFF46FC005A4D32 /* Entities */ = {
			isa = PBXGroup;
			children = (
				30A5616A2B00273000237784 /* BatteryEntity.swift */,
				30A5616E2B002E8100237784 /* ResistorEntity.swift */,
				30A561702B0039ED00237784 /* WireEntity.swift */,
				309DDF362B00971500DF3FE8 /* CircuitComponentEntity.swift */,
				309DDF3A2B009DAE00DF3FE8 /* CurrentEntity.swift */,
			);
			path = Entities;
			sourceTree = "<group>";
		};
		307090CC2AFF4704005A4D32 /* Views */ = {
			isa = PBXGroup;
			children = (
				307090BE2AFF42AE005A4D32 /* ContentView.swift */,
				307090CE2AFF474E005A4D32 /* CircuitBuildingView.swift */,
				30DDD6C02B00BE0D00A22F97 /* CircuitScanningView.swift */,
			);
			path = Views;
			sourceTree = "<group>";
		};
		307090CD2AFF470A005A4D32 /* ViewModels */ = {
			isa = PBXGroup;
			children = (
				309DDF382B0097D400DF3FE8 /* CircuitBuildingViewModel.swift */,
			);
			path = ViewModels;
			sourceTree = "<group>";
		};
/* End PBXGroup section */

/* Begin PBXNativeTarget section */
		307090B82AFF42AE005A4D32 /* Shortcuit */ = {
			isa = PBXNativeTarget;
			buildConfigurationList = 307090C72AFF42B1005A4D32 /* Build configuration list for PBXNativeTarget "Shortcuit" */;
			buildPhases = (
				307090B52AFF42AE005A4D32 /* Sources */,
				307090B62AFF42AE005A4D32 /* Frameworks */,
				307090B72AFF42AE005A4D32 /* Resources */,
			);
			buildRules = (
			);
			dependencies = (
			);
			name = Shortcuit;
			productName = CircuitAR;
			productReference = 307090B92AFF42AE005A4D32 /* Shortcuit.app */;
			productType = "com.apple.product-type.application";
		};
/* End PBXNativeTarget section */

/* Begin PBXProject section */
		307090B12AFF42AD005A4D32 /* Project object */ = {
			isa = PBXProject;
			attributes = {
				BuildIndependentTargetsInParallel = 1;
				LastSwiftUpdateCheck = 1500;
				LastUpgradeCheck = 1500;
				TargetAttributes = {
					307090B82AFF42AE005A4D32 = {
						CreatedOnToolsVersion = 15.0.1;
					};
				};
			};
			buildConfigurationList = 307090B42AFF42AD005A4D32 /* Build configuration list for PBXProject "Shortcuit" */;
			compatibilityVersion = "Xcode 14.0";
			developmentRegion = en;
			hasScannedForEncodings = 0;
			knownRegions = (
				en,
				Base,
			);
			mainGroup = 307090B02AFF42AD005A4D32;
			productRefGroup = 307090BA2AFF42AE005A4D32 /* Products */;
			projectDirPath = "";
			projectRoot = "";
			targets = (
				307090B82AFF42AE005A4D32 /* Shortcuit */,
			);
		};
/* End PBXProject section */

/* Begin PBXResourcesBuildPhase section */
		307090B72AFF42AE005A4D32 /* Resources */ = {
			isa = PBXResourcesBuildPhase;
			buildActionMask = 2147483647;
			files = (
				30DDD6BF2B00B8E500A22F97 /* teapot.usdz in Resources */,
				307090C42AFF42B1005A4D32 /* Preview Assets.xcassets in Resources */,
				307090C12AFF42B1005A4D32 /* Assets.xcassets in Resources */,
				30DDD6C52B00D10300A22F97 /* battery.usdz in Resources */,
				30DDD6C32B00CC0300A22F97 /* Circuit.usdz in Resources */,
			);
			runOnlyForDeploymentPostprocessing = 0;
		};
/* End PBXResourcesBuildPhase section */

/* Begin PBXSourcesBuildPhase section */
		307090B52AFF42AE005A4D32 /* Sources */ = {
			isa = PBXSourcesBuildPhase;
			buildActionMask = 2147483647;
			files = (
				307090CF2AFF474E005A4D32 /* CircuitBuildingView.swift in Sources */,
				309DDF372B00971500DF3FE8 /* CircuitComponentEntity.swift in Sources */,
				30A561712B0039ED00237784 /* WireEntity.swift in Sources */,
				307090BF2AFF42AE005A4D32 /* ContentView.swift in Sources */,
				30A5616B2B00273000237784 /* BatteryEntity.swift in Sources */,
				30DDD6C12B00BE0D00A22F97 /* CircuitScanningView.swift in Sources */,
				307090BD2AFF42AE005A4D32 /* AppDelegate.swift in Sources */,
				309DDF392B0097D400DF3FE8 /* CircuitBuildingViewModel.swift in Sources */,
				309DDF3B2B009DAE00DF3FE8 /* CurrentEntity.swift in Sources */,
				30A5616F2B002E8100237784 /* ResistorEntity.swift in Sources */,
			);
			runOnlyForDeploymentPostprocessing = 0;
		};
/* End PBXSourcesBuildPhase section */

/* Begin XCBuildConfiguration section */
		307090C52AFF42B1005A4D32 /* Debug */ = {
			isa = XCBuildConfiguration;
			buildSettings = {
				ALWAYS_SEARCH_USER_PATHS = NO;
				ASSETCATALOG_COMPILER_GENERATE_SWIFT_ASSET_SYMBOL_EXTENSIONS = YES;
				CLANG_ANALYZER_NONNULL = YES;
				CLANG_ANALYZER_NUMBER_OBJECT_CONVERSION = YES_AGGRESSIVE;
				CLANG_CXX_LANGUAGE_STANDARD = "gnu++20";
				CLANG_ENABLE_MODULES = YES;
				CLANG_ENABLE_OBJC_ARC = YES;
				CLANG_ENABLE_OBJC_WEAK = YES;
				CLANG_WARN_BLOCK_CAPTURE_AUTORELEASING = YES;
				CLANG_WARN_BOOL_CONVERSION = YES;
				CLANG_WARN_COMMA = YES;
				CLANG_WARN_CONSTANT_CONVERSION = YES;
				CLANG_WARN_DEPRECATED_OBJC_IMPLEMENTATIONS = YES;
				CLANG_WARN_DIRECT_OBJC_ISA_USAGE = YES_ERROR;
				CLANG_WARN_DOCUMENTATION_COMMENTS = YES;
				CLANG_WARN_EMPTY_BODY = YES;
				CLANG_WARN_ENUM_CONVERSION = YES;
				CLANG_WARN_INFINITE_RECURSION = YES;
				CLANG_WARN_INT_CONVERSION = YES;
				CLANG_WARN_NON_LITERAL_NULL_CONVERSION = YES;
				CLANG_WARN_OBJC_IMPLICIT_RETAIN_SELF = YES;
				CLANG_WARN_OBJC_LITERAL_CONVERSION = YES;
				CLANG_WARN_OBJC_ROOT_CLASS = YES_ERROR;
				CLANG_WARN_QUOTED_INCLUDE_IN_FRAMEWORK_HEADER = YES;
				CLANG_WARN_RANGE_LOOP_ANALYSIS = YES;
				CLANG_WARN_STRICT_PROTOTYPES = YES;
				CLANG_WARN_SUSPICIOUS_MOVE = YES;
				CLANG_WARN_UNGUARDED_AVAILABILITY = YES_AGGRESSIVE;
				CLANG_WARN_UNREACHABLE_CODE = YES;
				CLANG_WARN__DUPLICATE_METHOD_MATCH = YES;
				COPY_PHASE_STRIP = NO;
				DEBUG_INFORMATION_FORMAT = dwarf;
				ENABLE_STRICT_OBJC_MSGSEND = YES;
				ENABLE_TESTABILITY = YES;
				ENABLE_USER_SCRIPT_SANDBOXING = YES;
				GCC_C_LANGUAGE_STANDARD = gnu17;
				GCC_DYNAMIC_NO_PIC = NO;
				GCC_NO_COMMON_BLOCKS = YES;
				GCC_OPTIMIZATION_LEVEL = 0;
				GCC_PREPROCESSOR_DEFINITIONS = (
					"DEBUG=1",
					"$(inherited)",
				);
				GCC_WARN_64_TO_32_BIT_CONVERSION = YES;
				GCC_WARN_ABOUT_RETURN_TYPE = YES_ERROR;
				GCC_WARN_UNDECLARED_SELECTOR = YES;
				GCC_WARN_UNINITIALIZED_AUTOS = YES_AGGRESSIVE;
				GCC_WARN_UNUSED_FUNCTION = YES;
				GCC_WARN_UNUSED_VARIABLE = YES;
				IPHONEOS_DEPLOYMENT_TARGET = 17.0;
				LOCALIZATION_PREFERS_STRING_CATALOGS = YES;
				MTL_ENABLE_DEBUG_INFO = INCLUDE_SOURCE;
				MTL_FAST_MATH = YES;
				ONLY_ACTIVE_ARCH = YES;
				SDKROOT = iphoneos;
				SWIFT_ACTIVE_COMPILATION_CONDITIONS = "DEBUG $(inherited)";
				SWIFT_OPTIMIZATION_LEVEL = "-Onone";
			};
			name = Debug;
		};
		307090C62AFF42B1005A4D32 /* Release */ = {
			isa = XCBuildConfiguration;
			buildSettings = {
				ALWAYS_SEARCH_USER_PATHS = NO;
				ASSETCATALOG_COMPILER_GENERATE_SWIFT_ASSET_SYMBOL_EXTENSIONS = YES;
				CLANG_ANALYZER_NONNULL = YES;
				CLANG_ANALYZER_NUMBER_OBJECT_CONVERSION = YES_AGGRESSIVE;
				CLANG_CXX_LANGUAGE_STANDARD = "gnu++20";
				CLANG_ENABLE_MODULES = YES;
				CLANG_ENABLE_OBJC_ARC = YES;
				CLANG_ENABLE_OBJC_WEAK = YES;
				CLANG_WARN_BLOCK_CAPTURE_AUTORELEASING = YES;
				CLANG_WARN_BOOL_CONVERSION = YES;
				CLANG_WARN_COMMA = YES;
				CLANG_WARN_CONSTANT_CONVERSION = YES;
				CLANG_WARN_DEPRECATED_OBJC_IMPLEMENTATIONS = YES;
				CLANG_WARN_DIRECT_OBJC_ISA_USAGE = YES_ERROR;
				CLANG_WARN_DOCUMENTATION_COMMENTS = YES;
				CLANG_WARN_EMPTY_BODY = YES;
				CLANG_WARN_ENUM_CONVERSION = YES;
				CLANG_WARN_INFINITE_RECURSION = YES;
				CLANG_WARN_INT_CONVERSION = YES;
				CLANG_WARN_NON_LITERAL_NULL_CONVERSION = YES;
				CLANG_WARN_OBJC_IMPLICIT_RETAIN_SELF = YES;
				CLANG_WARN_OBJC_LITERAL_CONVERSION = YES;
				CLANG_WARN_OBJC_ROOT_CLASS = YES_ERROR;
				CLANG_WARN_QUOTED_INCLUDE_IN_FRAMEWORK_HEADER = YES;
				CLANG_WARN_RANGE_LOOP_ANALYSIS = YES;
				CLANG_WARN_STRICT_PROTOTYPES = YES;
				CLANG_WARN_SUSPICIOUS_MOVE = YES;
				CLANG_WARN_UNGUARDED_AVAILABILITY = YES_AGGRESSIVE;
				CLANG_WARN_UNREACHABLE_CODE = YES;
				CLANG_WARN__DUPLICATE_METHOD_MATCH = YES;
				COPY_PHASE_STRIP = NO;
				DEBUG_INFORMATION_FORMAT = "dwarf-with-dsym";
				ENABLE_NS_ASSERTIONS = NO;
				ENABLE_STRICT_OBJC_MSGSEND = YES;
				ENABLE_USER_SCRIPT_SANDBOXING = YES;
				GCC_C_LANGUAGE_STANDARD = gnu17;
				GCC_NO_COMMON_BLOCKS = YES;
				GCC_WARN_64_TO_32_BIT_CONVERSION = YES;
				GCC_WARN_ABOUT_RETURN_TYPE = YES_ERROR;
				GCC_WARN_UNDECLARED_SELECTOR = YES;
				GCC_WARN_UNINITIALIZED_AUTOS = YES_AGGRESSIVE;
				GCC_WARN_UNUSED_FUNCTION = YES;
				GCC_WARN_UNUSED_VARIABLE = YES;
				IPHONEOS_DEPLOYMENT_TARGET = 17.0;
				LOCALIZATION_PREFERS_STRING_CATALOGS = YES;
				MTL_ENABLE_DEBUG_INFO = NO;
				MTL_FAST_MATH = YES;
				SDKROOT = iphoneos;
				SWIFT_COMPILATION_MODE = wholemodule;
				VALIDATE_PRODUCT = YES;
			};
			name = Release;
		};
		307090C82AFF42B1005A4D32 /* Debug */ = {
			isa = XCBuildConfiguration;
			buildSettings = {
				ASSETCATALOG_COMPILER_APPICON_NAME = AppIcon;
				ASSETCATALOG_COMPILER_GLOBAL_ACCENT_COLOR_NAME = AccentColor;
				CODE_SIGN_STYLE = Automatic;
				CURRENT_PROJECT_VERSION = 1;
				DEVELOPMENT_ASSET_PATHS = "\"Shortcuit/Preview Content\"";
				DEVELOPMENT_TEAM = UG27AN3F2U;
				ENABLE_PREVIEWS = YES;
				GENERATE_INFOPLIST_FILE = YES;
				INFOPLIST_KEY_NSCameraUsageDescription = "";
				INFOPLIST_KEY_UIApplicationSupportsIndirectInputEvents = YES;
				INFOPLIST_KEY_UILaunchScreen_Generation = YES;
				INFOPLIST_KEY_UIRequiredDeviceCapabilities = arkit;
				INFOPLIST_KEY_UIStatusBarHidden = YES;
				INFOPLIST_KEY_UISupportedInterfaceOrientations_iPad = "UIInterfaceOrientationPortrait UIInterfaceOrientationPortraitUpsideDown UIInterfaceOrientationLandscapeLeft UIInterfaceOrientationLandscapeRight";
				INFOPLIST_KEY_UISupportedInterfaceOrientations_iPhone = "UIInterfaceOrientationPortrait UIInterfaceOrientationLandscapeLeft UIInterfaceOrientationLandscapeRight";
				LD_RUNPATH_SEARCH_PATHS = (
					"$(inherited)",
					"@executable_path/Frameworks",
				);
				MARKETING_VERSION = 1.0;
				PRODUCT_BUNDLE_IDENTIFIER = RizkiMiftha.Shortcuit;
				PRODUCT_NAME = "$(TARGET_NAME)";
				SWIFT_EMIT_LOC_STRINGS = YES;
				SWIFT_VERSION = 5.0;
				TARGETED_DEVICE_FAMILY = "1,2";
			};
			name = Debug;
		};
		307090C92AFF42B1005A4D32 /* Release */ = {
			isa = XCBuildConfiguration;
			buildSettings = {
				ASSETCATALOG_COMPILER_APPICON_NAME = AppIcon;
				ASSETCATALOG_COMPILER_GLOBAL_ACCENT_COLOR_NAME = AccentColor;
				CODE_SIGN_STYLE = Automatic;
				CURRENT_PROJECT_VERSION = 1;
				DEVELOPMENT_ASSET_PATHS = "\"Shortcuit/Preview Content\"";
				DEVELOPMENT_TEAM = UG27AN3F2U;
				ENABLE_PREVIEWS = YES;
				GENERATE_INFOPLIST_FILE = YES;
				INFOPLIST_KEY_NSCameraUsageDescription = "";
				INFOPLIST_KEY_UIApplicationSupportsIndirectInputEvents = YES;
				INFOPLIST_KEY_UILaunchScreen_Generation = YES;
				INFOPLIST_KEY_UIRequiredDeviceCapabilities = arkit;
				INFOPLIST_KEY_UIStatusBarHidden = YES;
				INFOPLIST_KEY_UISupportedInterfaceOrientations_iPad = "UIInterfaceOrientationPortrait UIInterfaceOrientationPortraitUpsideDown UIInterfaceOrientationLandscapeLeft UIInterfaceOrientationLandscapeRight";
				INFOPLIST_KEY_UISupportedInterfaceOrientations_iPhone = "UIInterfaceOrientationPortrait UIInterfaceOrientationLandscapeLeft UIInterfaceOrientationLandscapeRight";
				LD_RUNPATH_SEARCH_PATHS = (
					"$(inherited)",
					"@executable_path/Frameworks",
				);
				MARKETING_VERSION = 1.0;
				PRODUCT_BUNDLE_IDENTIFIER = RizkiMiftha.Shortcuit;
				PRODUCT_NAME = "$(TARGET_NAME)";
				SWIFT_EMIT_LOC_STRINGS = YES;
				SWIFT_VERSION = 5.0;
				TARGETED_DEVICE_FAMILY = "1,2";
			};
			name = Release;
		};
/* End XCBuildConfiguration section */

/* Begin XCConfigurationList section */
		307090B42AFF42AD005A4D32 /* Build configuration list for PBXProject "Shortcuit" */ = {
			isa = XCConfigurationList;
			buildConfigurations = (
				307090C52AFF42B1005A4D32 /* Debug */,
				307090C62AFF42B1005A4D32 /* Release */,
			);
			defaultConfigurationIsVisible = 0;
			defaultConfigurationName = Release;
		};
		307090C72AFF42B1005A4D32 /* Build configuration list for PBXNativeTarget "Shortcuit" */ = {
			isa = XCConfigurationList;
			buildConfigurations = (
				307090C82AFF42B1005A4D32 /* Debug */,
				307090C92AFF42B1005A4D32 /* Release */,
			);
			defaultConfigurationIsVisible = 0;
			defaultConfigurationName = Release;
		};
/* End XCConfigurationList section */
	};
	rootObject = 307090B12AFF42AD005A4D32 /* Project object */;
}
